
Microsoft Visual Studio Solution File, Format Version 12.00
# Visual Studio Version 17
VisualStudioVersion = 17.7.34031.279
MinimumVisualStudioVersion = 10.0.40219.1
Project("{FAE04EC0-301F-11D3-BF4B-00C04F79EFBC}") = "todos", "todos.csproj", "{8BB1D1E6-1C4B-483F-950C-B5D00321CB06}"
EndProject
Global
	GlobalSection(SolutionConfigurationPlatforms) = preSolution
		Debug|Any CPU = Debug|Any CPU
		Release|Any CPU = Release|Any CPU
	EndGlobalSection
	GlobalSection(ProjectConfigurationPlatforms) = postSolution
		{8BB1D1E6-1C4B-483F-950C-B5D00321CB06}.Debug|Any CPU.ActiveCfg = Debug|Any CPU
		{8BB1D1E6-1C4B-483F-950C-B5D00321CB06}.Debug|Any CPU.Build.0 = Debug|Any CPU
		{8BB1D1E6-1C4B-483F-950C-B5D00321CB06}.Release|Any CPU.ActiveCfg = Release|Any CPU
		{8BB1D1E6-1C4B-483F-950C-B5D00321CB06}.Release|Any CPU.Build.0 = Release|Any CPU
	EndGlobalSection
	GlobalSection(SolutionProperties) = preSolution
		HideSolutionNode = FALSE
	EndGlobalSection
	GlobalSection(ExtensibilityGlobals) = postSolution
		SolutionGuid = {A42934CA-0926-4EC0-AE61-2010B11453A0}
	EndGlobalSection
EndGlobal
