
Microsoft Visual Studio Solution File, Format Version 12.00
# Visual Studio Version 17
VisualStudioVersion = 17.7.34031.279
MinimumVisualStudioVersion = 10.0.40219.1
Project("{FAE04EC0-301F-11D3-BF4B-00C04F79EFBC}") = "developer-salary", "developer-salary.csproj", "{6F817D88-71FA-4065-873F-931B05ED7DE9}"
EndProject
Global
	GlobalSection(SolutionConfigurationPlatforms) = preSolution
		Debug|Any CPU = Debug|Any CPU
		Release|Any CPU = Release|Any CPU
	EndGlobalSection
	GlobalSection(ProjectConfigurationPlatforms) = postSolution
		{6F817D88-71FA-4065-873F-931B05ED7DE9}.Debug|Any CPU.ActiveCfg = Debug|Any CPU
		{6F817D88-71FA-4065-873F-931B05ED7DE9}.Debug|Any CPU.Build.0 = Debug|Any CPU
		{6F817D88-71FA-4065-873F-931B05ED7DE9}.Release|Any CPU.ActiveCfg = Release|Any CPU
		{6F817D88-71FA-4065-873F-931B05ED7DE9}.Release|Any CPU.Build.0 = Release|Any CPU
	EndGlobalSection
	GlobalSection(SolutionProperties) = preSolution
		HideSolutionNode = FALSE
	EndGlobalSection
	GlobalSection(ExtensibilityGlobals) = postSolution
		SolutionGuid = {3B0798B6-FE1F-42FA-92DC-06F72ADEA0E2}
	EndGlobalSection
EndGlobal
